
Microsoft Visual Studio Solution File, Format Version 12.00
# Visual Studio 15
VisualStudioVersion = 15.0.26730.16
MinimumVisualStudioVersion = 10.0.40219.1
Project("{FAE04EC0-301F-11D3-BF4B-00C04F79EFBC}") = "Shushu", "Shushu\Shushu.csproj", "{9295A213-9B0F-4243-8708-9323D45DCE94}"
EndProject
Project("{FAE04EC0-301F-11D3-BF4B-00C04F79EFBC}") = "Shushu.Tests", "Shushu.Tests\Shushu.Tests.csproj", "{2C81689F-2765-411B-938E-F4DE726B5F1A}"
EndProject
Global
	GlobalSection(SolutionConfigurationPlatforms) = preSolution
		Debug|Any CPU = Debug|Any CPU
		Release|Any CPU = Release|Any CPU
	EndGlobalSection
	GlobalSection(ProjectConfigurationPlatforms) = postSolution
		{9295A213-9B0F-4243-8708-9323D45DCE94}.Debug|Any CPU.ActiveCfg = Debug|Any CPU
		{9295A213-9B0F-4243-8708-9323D45DCE94}.Debug|Any CPU.Build.0 = Debug|Any CPU
		{9295A213-9B0F-4243-8708-9323D45DCE94}.Release|Any CPU.ActiveCfg = Release|Any CPU
		{9295A213-9B0F-4243-8708-9323D45DCE94}.Release|Any CPU.Build.0 = Release|Any CPU
		{2C81689F-2765-411B-938E-F4DE726B5F1A}.Debug|Any CPU.ActiveCfg = Debug|Any CPU
		{2C81689F-2765-411B-938E-F4DE726B5F1A}.Debug|Any CPU.Build.0 = Debug|Any CPU
		{2C81689F-2765-411B-938E-F4DE726B5F1A}.Release|Any CPU.ActiveCfg = Release|Any CPU
		{2C81689F-2765-411B-938E-F4DE726B5F1A}.Release|Any CPU.Build.0 = Release|Any CPU
	EndGlobalSection
	GlobalSection(SolutionProperties) = preSolution
		HideSolutionNode = FALSE
	EndGlobalSection
	GlobalSection(ExtensibilityGlobals) = postSolution
		SolutionGuid = {E46534A3-E9F7-490B-80ED-1B4560EBA1D0}
	EndGlobalSection
EndGlobal
